
Microsoft Visual Studio Solution File, Format Version 12.00
# Visual Studio Version 17
VisualStudioVersion = 17.9.34607.119
MinimumVisualStudioVersion = 10.0.40219.1
Project("{FAE04EC0-301F-11D3-BF4B-00C04F79EFBC}") = "Program3", "Program3\Program3.csproj", "{473A97EC-80D2-4972-8D0A-2DD40E9BFC8D}"
EndProject
Global
	GlobalSection(SolutionConfigurationPlatforms) = preSolution
		Debug|Any CPU = Debug|Any CPU
		Release|Any CPU = Release|Any CPU
	EndGlobalSection
	GlobalSection(ProjectConfigurationPlatforms) = postSolution
		{473A97EC-80D2-4972-8D0A-2DD40E9BFC8D}.Debug|Any CPU.ActiveCfg = Debug|Any CPU
		{473A97EC-80D2-4972-8D0A-2DD40E9BFC8D}.Debug|Any CPU.Build.0 = Debug|Any CPU
		{473A97EC-80D2-4972-8D0A-2DD40E9BFC8D}.Release|Any CPU.ActiveCfg = Release|Any CPU
		{473A97EC-80D2-4972-8D0A-2DD40E9BFC8D}.Release|Any CPU.Build.0 = Release|Any CPU
	EndGlobalSection
	GlobalSection(SolutionProperties) = preSolution
		HideSolutionNode = FALSE
	EndGlobalSection
	GlobalSection(ExtensibilityGlobals) = postSolution
		SolutionGuid = {E66C5517-5BEA-4FF8-8CF0-F834768634AE}
	EndGlobalSection
EndGlobal
